// !$*UTF8*$!
{
	archiveVersion = 1;
	classes = {
	};
	objectVersion = 52;
	objects = {

/* Begin PBXBuildFile section */
		058557BB273AAA24004C7B11 /* Assets.xcassets in Resources */ = {isa = PBXBuildFile; fileRef = 058557BA273AAA24004C7B11 /* Assets.xcassets */; };
		058557D9273AAEEB004C7B11 /* Preview Assets.xcassets in Resources */ = {isa = PBXBuildFile; fileRef = 058557D8273AAEEB004C7B11 /* Preview Assets.xcassets */; };
		2152FB042600AC8F00CF470E /* iOSApp.swift in Sources */ = {isa = PBXBuildFile; fileRef = 2152FB032600AC8F00CF470E /* iOSApp.swift */; };
		FACDAC9029A8CBA50031E0A7 /* PokemonListScreenView.swift in Sources */ = {isa = PBXBuildFile; fileRef = FACDAC8F29A8CBA50031E0A7 /* PokemonListScreenView.swift */; };
		FACDAC9229A8CBE60031E0A7 /* PokemonListViewModelWrapper.swift in Sources */ = {isa = PBXBuildFile; fileRef = FACDAC9129A8CBE60031E0A7 /* PokemonListViewModelWrapper.swift */; };
		FACDAC9529A8CC650031E0A7 /* KMPNativeCoroutinesCombine in Frameworks */ = {isa = PBXBuildFile; productRef = FACDAC9429A8CC650031E0A7 /* KMPNativeCoroutinesCombine */; };
		FACDAC9729A8CC650031E0A7 /* KMPNativeCoroutinesCore in Frameworks */ = {isa = PBXBuildFile; productRef = FACDAC9629A8CC650031E0A7 /* KMPNativeCoroutinesCore */; };
		FACDAC9A29A8CCA50031E0A7 /* SwiftUINavigation in Frameworks */ = {isa = PBXBuildFile; productRef = FACDAC9929A8CCA50031E0A7 /* SwiftUINavigation */; };
		FACDAC9C29A8CCA50031E0A7 /* _SwiftUINavigationState in Frameworks */ = {isa = PBXBuildFile; productRef = FACDAC9B29A8CCA50031E0A7 /* _SwiftUINavigationState */; };
		FAF958CF29A8043000E46396 /* RequestState.swift in Sources */ = {isa = PBXBuildFile; fileRef = FAF958CE29A8043000E46396 /* RequestState.swift */; };
		FAF958D629A8048800E46396 /* AnyCancellable+.swift in Sources */ = {isa = PBXBuildFile; fileRef = FAF958D329A8048700E46396 /* AnyCancellable+.swift */; };
		FAF958D729A8048800E46396 /* Publisher+.swift in Sources */ = {isa = PBXBuildFile; fileRef = FAF958D429A8048700E46396 /* Publisher+.swift */; };
		FAF958D829A8048800E46396 /* Single.swift in Sources */ = {isa = PBXBuildFile; fileRef = FAF958D529A8048800E46396 /* Single.swift */; };
		FAF958E129A8049F00E46396 /* Keyboard.swift in Sources */ = {isa = PBXBuildFile; fileRef = FAF958D929A8049E00E46396 /* Keyboard.swift */; };
		FAF958E229A8049F00E46396 /* Binding+.swift in Sources */ = {isa = PBXBuildFile; fileRef = FAF958DA29A8049F00E46396 /* Binding+.swift */; };
		FAF958E329A8049F00E46396 /* View+ListSectionPadding.swift in Sources */ = {isa = PBXBuildFile; fileRef = FAF958DB29A8049F00E46396 /* View+ListSectionPadding.swift */; };
		FAF958E429A8049F00E46396 /* View+TabBar.swift in Sources */ = {isa = PBXBuildFile; fileRef = FAF958DC29A8049F00E46396 /* View+TabBar.swift */; };
		FAF958E529A8049F00E46396 /* View+ScrollContentBackground.swift in Sources */ = {isa = PBXBuildFile; fileRef = FAF958DD29A8049F00E46396 /* View+ScrollContentBackground.swift */; };
		FAF958E629A8049F00E46396 /* View+.swift in Sources */ = {isa = PBXBuildFile; fileRef = FAF958DE29A8049F00E46396 /* View+.swift */; };
		FAF958E729A8049F00E46396 /* HideNavigationBar.swift in Sources */ = {isa = PBXBuildFile; fileRef = FAF958DF29A8049F00E46396 /* HideNavigationBar.swift */; };
		FAF958E829A8049F00E46396 /* View+placeholder.swift in Sources */ = {isa = PBXBuildFile; fileRef = FAF958E029A8049F00E46396 /* View+placeholder.swift */; };
		FAF958ED29A8050200E46396 /* ProcessInfo+Preview.swift in Sources */ = {isa = PBXBuildFile; fileRef = FAF958E929A8050100E46396 /* ProcessInfo+Preview.swift */; };
		FAF958EE29A8050200E46396 /* UIApplication+.swift in Sources */ = {isa = PBXBuildFile; fileRef = FAF958EA29A8050200E46396 /* UIApplication+.swift */; };
		FAF958EF29A8050200E46396 /* RequestState+kt.swift in Sources */ = {isa = PBXBuildFile; fileRef = FAF958EB29A8050200E46396 /* RequestState+kt.swift */; };
		FAF958F029A8050200E46396 /* BaseViewModelWrapper.swift in Sources */ = {isa = PBXBuildFile; fileRef = FAF958EC29A8050200E46396 /* BaseViewModelWrapper.swift */; };
		FAF958F529A8059200E46396 /* ResourcesColorResource+.swift in Sources */ = {isa = PBXBuildFile; fileRef = FAF958F429A8059200E46396 /* ResourcesColorResource+.swift */; };
		FAF958F829A805AF00E46396 /* Theme.swift in Sources */ = {isa = PBXBuildFile; fileRef = FAF958F629A805AF00E46396 /* Theme.swift */; };
		FAF958F929A805AF00E46396 /* Theme+Color.swift in Sources */ = {isa = PBXBuildFile; fileRef = FAF958F729A805AF00E46396 /* Theme+Color.swift */; };
		FAF958FB29A805F400E46396 /* Koin.swift in Sources */ = {isa = PBXBuildFile; fileRef = FAF958FA29A805F400E46396 /* Koin.swift */; };
		FAF9590529A80CB300E46396 /* IconButton.swift in Sources */ = {isa = PBXBuildFile; fileRef = FAF958FE29A80CB200E46396 /* IconButton.swift */; };
		FAF9590629A80CB300E46396 /* SecondaryButton.swift in Sources */ = {isa = PBXBuildFile; fileRef = FAF958FF29A80CB200E46396 /* SecondaryButton.swift */; };
		FAF9590729A80CB300E46396 /* TextView.swift in Sources */ = {isa = PBXBuildFile; fileRef = FAF9590029A80CB200E46396 /* TextView.swift */; };
		FAF9590829A80CB300E46396 /* ClearButton.swift in Sources */ = {isa = PBXBuildFile; fileRef = FAF9590129A80CB300E46396 /* ClearButton.swift */; };
		FAF9590929A80CB300E46396 /* RoundedCornersShape.swift in Sources */ = {isa = PBXBuildFile; fileRef = FAF9590229A80CB300E46396 /* RoundedCornersShape.swift */; };
		FAF9590A29A80CB300E46396 /* PrimaryButton.swift in Sources */ = {isa = PBXBuildFile; fileRef = FAF9590329A80CB300E46396 /* PrimaryButton.swift */; };
		FAF9590B29A80CB300E46396 /* CloseButton.swift in Sources */ = {isa = PBXBuildFile; fileRef = FAF9590429A80CB300E46396 /* CloseButton.swift */; };
/* End PBXBuildFile section */

/* Begin PBXCopyFilesBuildPhase section */
		7555FFB4242A642300829871 /* Embed Frameworks */ = {
			isa = PBXCopyFilesBuildPhase;
			buildActionMask = 2147483647;
			dstPath = "";
			dstSubfolderSpec = 10;
			files = (
			);
			name = "Embed Frameworks";
			runOnlyForDeploymentPostprocessing = 0;
		};
/* End PBXCopyFilesBuildPhase section */

/* Begin PBXFileReference section */
		058557BA273AAA24004C7B11 /* Assets.xcassets */ = {isa = PBXFileReference; lastKnownFileType = folder.assetcatalog; path = Assets.xcassets; sourceTree = "<group>"; };
		058557D8273AAEEB004C7B11 /* Preview Assets.xcassets */ = {isa = PBXFileReference; lastKnownFileType = folder.assetcatalog; path = "Preview Assets.xcassets"; sourceTree = "<group>"; };
		2152FB032600AC8F00CF470E /* iOSApp.swift */ = {isa = PBXFileReference; lastKnownFileType = sourcecode.swift; path = iOSApp.swift; sourceTree = "<group>"; };
		7555FF7B242A565900829871 /* iosApp.app */ = {isa = PBXFileReference; explicitFileType = wrapper.application; includeInIndex = 0; path = iosApp.app; sourceTree = BUILT_PRODUCTS_DIR; };
		7555FF8C242A565B00829871 /* Info.plist */ = {isa = PBXFileReference; lastKnownFileType = text.plist.xml; path = Info.plist; sourceTree = "<group>"; };
		FACDAC8F29A8CBA50031E0A7 /* PokemonListScreenView.swift */ = {isa = PBXFileReference; lastKnownFileType = sourcecode.swift; path = PokemonListScreenView.swift; sourceTree = "<group>"; };
		FACDAC9129A8CBE60031E0A7 /* PokemonListViewModelWrapper.swift */ = {isa = PBXFileReference; lastKnownFileType = sourcecode.swift; path = PokemonListViewModelWrapper.swift; sourceTree = "<group>"; };
		FAF958CE29A8043000E46396 /* RequestState.swift */ = {isa = PBXFileReference; lastKnownFileType = sourcecode.swift; path = RequestState.swift; sourceTree = "<group>"; };
		FAF958D329A8048700E46396 /* AnyCancellable+.swift */ = {isa = PBXFileReference; fileEncoding = 4; lastKnownFileType = sourcecode.swift; path = "AnyCancellable+.swift"; sourceTree = "<group>"; };
		FAF958D429A8048700E46396 /* Publisher+.swift */ = {isa = PBXFileReference; fileEncoding = 4; lastKnownFileType = sourcecode.swift; path = "Publisher+.swift"; sourceTree = "<group>"; };
		FAF958D529A8048800E46396 /* Single.swift */ = {isa = PBXFileReference; fileEncoding = 4; lastKnownFileType = sourcecode.swift; path = Single.swift; sourceTree = "<group>"; };
		FAF958D929A8049E00E46396 /* Keyboard.swift */ = {isa = PBXFileReference; fileEncoding = 4; lastKnownFileType = sourcecode.swift; path = Keyboard.swift; sourceTree = "<group>"; };
		FAF958DA29A8049F00E46396 /* Binding+.swift */ = {isa = PBXFileReference; fileEncoding = 4; lastKnownFileType = sourcecode.swift; path = "Binding+.swift"; sourceTree = "<group>"; };
		FAF958DB29A8049F00E46396 /* View+ListSectionPadding.swift */ = {isa = PBXFileReference; fileEncoding = 4; lastKnownFileType = sourcecode.swift; path = "View+ListSectionPadding.swift"; sourceTree = "<group>"; };
		FAF958DC29A8049F00E46396 /* View+TabBar.swift */ = {isa = PBXFileReference; fileEncoding = 4; lastKnownFileType = sourcecode.swift; path = "View+TabBar.swift"; sourceTree = "<group>"; };
		FAF958DD29A8049F00E46396 /* View+ScrollContentBackground.swift */ = {isa = PBXFileReference; fileEncoding = 4; lastKnownFileType = sourcecode.swift; path = "View+ScrollContentBackground.swift"; sourceTree = "<group>"; };
		FAF958DE29A8049F00E46396 /* View+.swift */ = {isa = PBXFileReference; fileEncoding = 4; lastKnownFileType = sourcecode.swift; path = "View+.swift"; sourceTree = "<group>"; };
		FAF958DF29A8049F00E46396 /* HideNavigationBar.swift */ = {isa = PBXFileReference; fileEncoding = 4; lastKnownFileType = sourcecode.swift; path = HideNavigationBar.swift; sourceTree = "<group>"; };
		FAF958E029A8049F00E46396 /* View+placeholder.swift */ = {isa = PBXFileReference; fileEncoding = 4; lastKnownFileType = sourcecode.swift; path = "View+placeholder.swift"; sourceTree = "<group>"; };
		FAF958E929A8050100E46396 /* ProcessInfo+Preview.swift */ = {isa = PBXFileReference; fileEncoding = 4; lastKnownFileType = sourcecode.swift; path = "ProcessInfo+Preview.swift"; sourceTree = "<group>"; };
		FAF958EA29A8050200E46396 /* UIApplication+.swift */ = {isa = PBXFileReference; fileEncoding = 4; lastKnownFileType = sourcecode.swift; path = "UIApplication+.swift"; sourceTree = "<group>"; };
		FAF958EB29A8050200E46396 /* RequestState+kt.swift */ = {isa = PBXFileReference; fileEncoding = 4; lastKnownFileType = sourcecode.swift; path = "RequestState+kt.swift"; sourceTree = "<group>"; };
		FAF958EC29A8050200E46396 /* BaseViewModelWrapper.swift */ = {isa = PBXFileReference; fileEncoding = 4; lastKnownFileType = sourcecode.swift; path = BaseViewModelWrapper.swift; sourceTree = "<group>"; };
		FAF958F429A8059200E46396 /* ResourcesColorResource+.swift */ = {isa = PBXFileReference; fileEncoding = 4; lastKnownFileType = sourcecode.swift; path = "ResourcesColorResource+.swift"; sourceTree = "<group>"; };
		FAF958F629A805AF00E46396 /* Theme.swift */ = {isa = PBXFileReference; fileEncoding = 4; lastKnownFileType = sourcecode.swift; path = Theme.swift; sourceTree = "<group>"; };
		FAF958F729A805AF00E46396 /* Theme+Color.swift */ = {isa = PBXFileReference; fileEncoding = 4; lastKnownFileType = sourcecode.swift; path = "Theme+Color.swift"; sourceTree = "<group>"; };
		FAF958FA29A805F400E46396 /* Koin.swift */ = {isa = PBXFileReference; fileEncoding = 4; lastKnownFileType = sourcecode.swift; path = Koin.swift; sourceTree = "<group>"; };
		FAF958FE29A80CB200E46396 /* IconButton.swift */ = {isa = PBXFileReference; fileEncoding = 4; lastKnownFileType = sourcecode.swift; path = IconButton.swift; sourceTree = "<group>"; };
		FAF958FF29A80CB200E46396 /* SecondaryButton.swift */ = {isa = PBXFileReference; fileEncoding = 4; lastKnownFileType = sourcecode.swift; path = SecondaryButton.swift; sourceTree = "<group>"; };
		FAF9590029A80CB200E46396 /* TextView.swift */ = {isa = PBXFileReference; fileEncoding = 4; lastKnownFileType = sourcecode.swift; path = TextView.swift; sourceTree = "<group>"; };
		FAF9590129A80CB300E46396 /* ClearButton.swift */ = {isa = PBXFileReference; fileEncoding = 4; lastKnownFileType = sourcecode.swift; path = ClearButton.swift; sourceTree = "<group>"; };
		FAF9590229A80CB300E46396 /* RoundedCornersShape.swift */ = {isa = PBXFileReference; fileEncoding = 4; lastKnownFileType = sourcecode.swift; path = RoundedCornersShape.swift; sourceTree = "<group>"; };
		FAF9590329A80CB300E46396 /* PrimaryButton.swift */ = {isa = PBXFileReference; fileEncoding = 4; lastKnownFileType = sourcecode.swift; path = PrimaryButton.swift; sourceTree = "<group>"; };
		FAF9590429A80CB300E46396 /* CloseButton.swift */ = {isa = PBXFileReference; fileEncoding = 4; lastKnownFileType = sourcecode.swift; path = CloseButton.swift; sourceTree = "<group>"; };
/* End PBXFileReference section */

/* Begin PBXFrameworksBuildPhase section */
		7555FF78242A565900829871 /* Frameworks */ = {
			isa = PBXFrameworksBuildPhase;
			buildActionMask = 2147483647;
			files = (
				FACDAC9729A8CC650031E0A7 /* KMPNativeCoroutinesCore in Frameworks */,
				FACDAC9529A8CC650031E0A7 /* KMPNativeCoroutinesCombine in Frameworks */,
				FACDAC9C29A8CCA50031E0A7 /* _SwiftUINavigationState in Frameworks */,
				FACDAC9A29A8CCA50031E0A7 /* SwiftUINavigation in Frameworks */,
			);
			runOnlyForDeploymentPostprocessing = 0;
		};
/* End PBXFrameworksBuildPhase section */

/* Begin PBXGroup section */
		058557D7273AAEEB004C7B11 /* Preview Content */ = {
			isa = PBXGroup;
			children = (
				058557D8273AAEEB004C7B11 /* Preview Assets.xcassets */,
			);
			path = "Preview Content";
			sourceTree = "<group>";
		};
		7555FF72242A565900829871 = {
			isa = PBXGroup;
			children = (
				7555FF7D242A565900829871 /* iosApp */,
				7555FF7C242A565900829871 /* Products */,
				7555FFB0242A642200829871 /* Frameworks */,
			);
			sourceTree = "<group>";
		};
		7555FF7C242A565900829871 /* Products */ = {
			isa = PBXGroup;
			children = (
				7555FF7B242A565900829871 /* iosApp.app */,
			);
			name = Products;
			sourceTree = "<group>";
		};
		7555FF7D242A565900829871 /* iosApp */ = {
			isa = PBXGroup;
			children = (
				FAF958CD29A8041F00E46396 /* model */,
				FAF958D029A8044B00E46396 /* utility */,
				FAF958F229A8056900E46396 /* ui */,
				058557BA273AAA24004C7B11 /* Assets.xcassets */,
				7555FF8C242A565B00829871 /* Info.plist */,
				2152FB032600AC8F00CF470E /* iOSApp.swift */,
				FAF958FA29A805F400E46396 /* Koin.swift */,
				058557D7273AAEEB004C7B11 /* Preview Content */,
			);
			path = iosApp;
			sourceTree = "<group>";
		};
		7555FFB0242A642200829871 /* Frameworks */ = {
			isa = PBXGroup;
			children = (
			);
			name = Frameworks;
			sourceTree = "<group>";
		};
		FACDAC8D29A8CB610031E0A7 /* screen */ = {
			isa = PBXGroup;
			children = (
				FACDAC8E29A8CB830031E0A7 /* pokemonList */,
			);
			path = screen;
			sourceTree = "<group>";
		};
		FACDAC8E29A8CB830031E0A7 /* pokemonList */ = {
			isa = PBXGroup;
			children = (
				FACDAC8F29A8CBA50031E0A7 /* PokemonListScreenView.swift */,
				FACDAC9129A8CBE60031E0A7 /* PokemonListViewModelWrapper.swift */,
			);
			path = pokemonList;
			sourceTree = "<group>";
		};
		FAF958CD29A8041F00E46396 /* model */ = {
			isa = PBXGroup;
			children = (
				FAF958CE29A8043000E46396 /* RequestState.swift */,
			);
			path = model;
			sourceTree = "<group>";
		};
		FAF958D029A8044B00E46396 /* utility */ = {
			isa = PBXGroup;
			children = (
				FAF958D129A8046100E46396 /* combine */,
				FAF958D229A8046600E46396 /* ui */,
				FAF958EC29A8050200E46396 /* BaseViewModelWrapper.swift */,
				FAF958E929A8050100E46396 /* ProcessInfo+Preview.swift */,
				FAF958EB29A8050200E46396 /* RequestState+kt.swift */,
				FAF958EA29A8050200E46396 /* UIApplication+.swift */,
			);
			path = utility;
			sourceTree = "<group>";
		};
		FAF958D129A8046100E46396 /* combine */ = {
			isa = PBXGroup;
			children = (
				FAF958D329A8048700E46396 /* AnyCancellable+.swift */,
				FAF958D429A8048700E46396 /* Publisher+.swift */,
				FAF958D529A8048800E46396 /* Single.swift */,
			);
			path = combine;
			sourceTree = "<group>";
		};
		FAF958D229A8046600E46396 /* ui */ = {
			isa = PBXGroup;
			children = (
				FAF958DA29A8049F00E46396 /* Binding+.swift */,
				FAF958DF29A8049F00E46396 /* HideNavigationBar.swift */,
				FAF958D929A8049E00E46396 /* Keyboard.swift */,
				FAF958DE29A8049F00E46396 /* View+.swift */,
				FAF958DB29A8049F00E46396 /* View+ListSectionPadding.swift */,
				FAF958E029A8049F00E46396 /* View+placeholder.swift */,
				FAF958DD29A8049F00E46396 /* View+ScrollContentBackground.swift */,
				FAF958DC29A8049F00E46396 /* View+TabBar.swift */,
			);
			path = ui;
			sourceTree = "<group>";
		};
		FAF958F129A8056300E46396 /* theme */ = {
			isa = PBXGroup;
			children = (
				FAF958F329A8058300E46396 /* utility */,
				FAF958F629A805AF00E46396 /* Theme.swift */,
				FAF958F729A805AF00E46396 /* Theme+Color.swift */,
			);
			path = theme;
			sourceTree = "<group>";
		};
		FAF958F229A8056900E46396 /* ui */ = {
			isa = PBXGroup;
			children = (
				FAF958F129A8056300E46396 /* theme */,
				FAF958FC29A80C9000E46396 /* component */,
				FACDAC8D29A8CB610031E0A7 /* screen */,
			);
			path = ui;
			sourceTree = "<group>";
		};
		FAF958F329A8058300E46396 /* utility */ = {
			isa = PBXGroup;
			children = (
				FAF958F429A8059200E46396 /* ResourcesColorResource+.swift */,
			);
			path = utility;
			sourceTree = "<group>";
		};
		FAF958FC29A80C9000E46396 /* component */ = {
			isa = PBXGroup;
			children = (
				FAF958FD29A80C9B00E46396 /* atom */,
			);
			path = component;
			sourceTree = "<group>";
		};
		FAF958FD29A80C9B00E46396 /* atom */ = {
			isa = PBXGroup;
			children = (
				FAF9590129A80CB300E46396 /* ClearButton.swift */,
				FAF9590429A80CB300E46396 /* CloseButton.swift */,
				FAF958FE29A80CB200E46396 /* IconButton.swift */,
				FAF9590329A80CB300E46396 /* PrimaryButton.swift */,
				FAF9590229A80CB300E46396 /* RoundedCornersShape.swift */,
				FAF958FF29A80CB200E46396 /* SecondaryButton.swift */,
				FAF9590029A80CB200E46396 /* TextView.swift */,
			);
			path = atom;
			sourceTree = "<group>";
		};
/* End PBXGroup section */

/* Begin PBXNativeTarget section */
		7555FF7A242A565900829871 /* iosApp */ = {
			isa = PBXNativeTarget;
			buildConfigurationList = 7555FFA5242A565B00829871 /* Build configuration list for PBXNativeTarget "iosApp" */;
			buildPhases = (
				7555FFB5242A651A00829871 /* Run Script: SharedKit */,
				FAF958CC29A8038200E46396 /* Run Script: MokoResources */,
				7555FF77242A565900829871 /* Sources */,
				7555FF78242A565900829871 /* Frameworks */,
				7555FF79242A565900829871 /* Resources */,
				7555FFB4242A642300829871 /* Embed Frameworks */,
			);
			buildRules = (
			);
			dependencies = (
			);
			name = iosApp;
			packageProductDependencies = (
				FACDAC9429A8CC650031E0A7 /* KMPNativeCoroutinesCombine */,
				FACDAC9629A8CC650031E0A7 /* KMPNativeCoroutinesCore */,
				FACDAC9929A8CCA50031E0A7 /* SwiftUINavigation */,
				FACDAC9B29A8CCA50031E0A7 /* _SwiftUINavigationState */,
			);
			productName = iosApp;
			productReference = 7555FF7B242A565900829871 /* iosApp.app */;
			productType = "com.apple.product-type.application";
		};
/* End PBXNativeTarget section */

/* Begin PBXProject section */
		7555FF73242A565900829871 /* Project object */ = {
			isa = PBXProject;
			attributes = {
				LastSwiftUpdateCheck = 1130;
				LastUpgradeCheck = 1130;
				ORGANIZATIONNAME = orgName;
				TargetAttributes = {
					7555FF7A242A565900829871 = {
						CreatedOnToolsVersion = 11.3.1;
					};
				};
			};
			buildConfigurationList = 7555FF76242A565900829871 /* Build configuration list for PBXProject "iosApp" */;
			compatibilityVersion = "Xcode 9.3";
			developmentRegion = en;
			hasScannedForEncodings = 0;
			knownRegions = (
				en,
				Base,
			);
			mainGroup = 7555FF72242A565900829871;
			packageReferences = (
				FACDAC9329A8CC650031E0A7 /* XCRemoteSwiftPackageReference "KMP-NativeCoroutines" */,
				FACDAC9829A8CCA50031E0A7 /* XCRemoteSwiftPackageReference "swiftui-navigation" */,
			);
			productRefGroup = 7555FF7C242A565900829871 /* Products */;
			projectDirPath = "";
			projectRoot = "";
			targets = (
				7555FF7A242A565900829871 /* iosApp */,
			);
		};
/* End PBXProject section */

/* Begin PBXResourcesBuildPhase section */
		7555FF79242A565900829871 /* Resources */ = {
			isa = PBXResourcesBuildPhase;
			buildActionMask = 2147483647;
			files = (
				058557D9273AAEEB004C7B11 /* Preview Assets.xcassets in Resources */,
				058557BB273AAA24004C7B11 /* Assets.xcassets in Resources */,
			);
			runOnlyForDeploymentPostprocessing = 0;
		};
/* End PBXResourcesBuildPhase section */

/* Begin PBXShellScriptBuildPhase section */
		7555FFB5242A651A00829871 /* Run Script: SharedKit */ = {
			isa = PBXShellScriptBuildPhase;
			buildActionMask = 2147483647;
			files = (
			);
			inputFileListPaths = (
			);
			inputPaths = (
			);
			name = "Run Script: SharedKit";
			outputFileListPaths = (
			);
			outputPaths = (
			);
			runOnlyForDeploymentPostprocessing = 0;
			shellPath = /bin/sh;
			shellScript = "cd \"$SRCROOT/..\"\n./gradlew :shared:embedAndSignAppleFrameworkForXcode\n";
		};
		FAF958CC29A8038200E46396 /* Run Script: MokoResources */ = {
			isa = PBXShellScriptBuildPhase;
			buildActionMask = 2147483647;
			files = (
			);
			inputFileListPaths = (
			);
			inputPaths = (
			);
			name = "Run Script: MokoResources";
			outputFileListPaths = (
			);
			outputPaths = (
			);
			runOnlyForDeploymentPostprocessing = 0;
			shellPath = /bin/sh;
			shellScript = "cd \"$SRCROOT/..\"\n./gradlew :shared-resources:embedAndSignAppleFrameworkForXcode\n";
		};
/* End PBXShellScriptBuildPhase section */

/* Begin PBXSourcesBuildPhase section */
		7555FF77242A565900829871 /* Sources */ = {
			isa = PBXSourcesBuildPhase;
			buildActionMask = 2147483647;
			files = (
				FACDAC9229A8CBE60031E0A7 /* PokemonListViewModelWrapper.swift in Sources */,
				FAF958EF29A8050200E46396 /* RequestState+kt.swift in Sources */,
				FAF958F029A8050200E46396 /* BaseViewModelWrapper.swift in Sources */,
				FAF958ED29A8050200E46396 /* ProcessInfo+Preview.swift in Sources */,
				FAF958D729A8048800E46396 /* Publisher+.swift in Sources */,
				FAF958CF29A8043000E46396 /* RequestState.swift in Sources */,
				FAF958E429A8049F00E46396 /* View+TabBar.swift in Sources */,
				FAF958FB29A805F400E46396 /* Koin.swift in Sources */,
				FAF958E129A8049F00E46396 /* Keyboard.swift in Sources */,
				FAF958E729A8049F00E46396 /* HideNavigationBar.swift in Sources */,
				FAF9590829A80CB300E46396 /* ClearButton.swift in Sources */,
				FAF958E629A8049F00E46396 /* View+.swift in Sources */,
				FAF958E829A8049F00E46396 /* View+placeholder.swift in Sources */,
				FAF9590929A80CB300E46396 /* RoundedCornersShape.swift in Sources */,
				FAF958F529A8059200E46396 /* ResourcesColorResource+.swift in Sources */,
				FAF9590629A80CB300E46396 /* SecondaryButton.swift in Sources */,
				FAF958D629A8048800E46396 /* AnyCancellable+.swift in Sources */,
				FAF9590729A80CB300E46396 /* TextView.swift in Sources */,
				FAF958D829A8048800E46396 /* Single.swift in Sources */,
				FACDAC9029A8CBA50031E0A7 /* PokemonListScreenView.swift in Sources */,
				FAF9590A29A80CB300E46396 /* PrimaryButton.swift in Sources */,
				FAF958E529A8049F00E46396 /* View+ScrollContentBackground.swift in Sources */,
				FAF9590529A80CB300E46396 /* IconButton.swift in Sources */,
				2152FB042600AC8F00CF470E /* iOSApp.swift in Sources */,
				FAF9590B29A80CB300E46396 /* CloseButton.swift in Sources */,
				FAF958EE29A8050200E46396 /* UIApplication+.swift in Sources */,
				FAF958F829A805AF00E46396 /* Theme.swift in Sources */,
				FAF958E329A8049F00E46396 /* View+ListSectionPadding.swift in Sources */,
				FAF958F929A805AF00E46396 /* Theme+Color.swift in Sources */,
				FAF958E229A8049F00E46396 /* Binding+.swift in Sources */,
			);
			runOnlyForDeploymentPostprocessing = 0;
		};
/* End PBXSourcesBuildPhase section */

/* Begin XCBuildConfiguration section */
		7555FFA3242A565B00829871 /* Debug */ = {
			isa = XCBuildConfiguration;
			buildSettings = {
				ALWAYS_SEARCH_USER_PATHS = NO;
				CLANG_ANALYZER_NONNULL = YES;
				CLANG_ANALYZER_NUMBER_OBJECT_CONVERSION = YES_AGGRESSIVE;
				CLANG_CXX_LANGUAGE_STANDARD = "gnu++14";
				CLANG_CXX_LIBRARY = "libc++";
				CLANG_ENABLE_MODULES = YES;
				CLANG_ENABLE_OBJC_ARC = YES;
				CLANG_ENABLE_OBJC_WEAK = YES;
				CLANG_WARN_BLOCK_CAPTURE_AUTORELEASING = YES;
				CLANG_WARN_BOOL_CONVERSION = YES;
				CLANG_WARN_COMMA = YES;
				CLANG_WARN_CONSTANT_CONVERSION = YES;
				CLANG_WARN_DEPRECATED_OBJC_IMPLEMENTATIONS = YES;
				CLANG_WARN_DIRECT_OBJC_ISA_USAGE = YES_ERROR;
				CLANG_WARN_DOCUMENTATION_COMMENTS = YES;
				CLANG_WARN_EMPTY_BODY = YES;
				CLANG_WARN_ENUM_CONVERSION = YES;
				CLANG_WARN_INFINITE_RECURSION = YES;
				CLANG_WARN_INT_CONVERSION = YES;
				CLANG_WARN_NON_LITERAL_NULL_CONVERSION = YES;
				CLANG_WARN_OBJC_IMPLICIT_RETAIN_SELF = YES;
				CLANG_WARN_OBJC_LITERAL_CONVERSION = YES;
				CLANG_WARN_OBJC_ROOT_CLASS = YES_ERROR;
				CLANG_WARN_QUOTED_INCLUDE_IN_FRAMEWORK_HEADER = YES;
				CLANG_WARN_RANGE_LOOP_ANALYSIS = YES;
				CLANG_WARN_STRICT_PROTOTYPES = YES;
				CLANG_WARN_SUSPICIOUS_MOVE = YES;
				CLANG_WARN_UNGUARDED_AVAILABILITY = YES_AGGRESSIVE;
				CLANG_WARN_UNREACHABLE_CODE = YES;
				CLANG_WARN__DUPLICATE_METHOD_MATCH = YES;
				COPY_PHASE_STRIP = NO;
				DEBUG_INFORMATION_FORMAT = "dwarf-with-dsym";
				ENABLE_STRICT_OBJC_MSGSEND = YES;
				ENABLE_TESTABILITY = YES;
				GCC_C_LANGUAGE_STANDARD = gnu11;
				GCC_DYNAMIC_NO_PIC = NO;
				GCC_NO_COMMON_BLOCKS = YES;
				GCC_OPTIMIZATION_LEVEL = 0;
				GCC_PREPROCESSOR_DEFINITIONS = (
					"DEBUG=1",
					"$(inherited)",
				);
				GCC_WARN_64_TO_32_BIT_CONVERSION = YES;
				GCC_WARN_ABOUT_RETURN_TYPE = YES_ERROR;
				GCC_WARN_UNDECLARED_SELECTOR = YES;
				GCC_WARN_UNINITIALIZED_AUTOS = YES_AGGRESSIVE;
				GCC_WARN_UNUSED_FUNCTION = YES;
				GCC_WARN_UNUSED_VARIABLE = YES;
				IPHONEOS_DEPLOYMENT_TARGET = 14.1;
				MTL_ENABLE_DEBUG_INFO = INCLUDE_SOURCE;
				MTL_FAST_MATH = YES;
				ONLY_ACTIVE_ARCH = YES;
				SDKROOT = iphoneos;
				SWIFT_ACTIVE_COMPILATION_CONDITIONS = DEBUG;
				SWIFT_OPTIMIZATION_LEVEL = "-Onone";
			};
			name = Debug;
		};
		7555FFA4242A565B00829871 /* Release */ = {
			isa = XCBuildConfiguration;
			buildSettings = {
				ALWAYS_SEARCH_USER_PATHS = NO;
				CLANG_ANALYZER_NONNULL = YES;
				CLANG_ANALYZER_NUMBER_OBJECT_CONVERSION = YES_AGGRESSIVE;
				CLANG_CXX_LANGUAGE_STANDARD = "gnu++14";
				CLANG_CXX_LIBRARY = "libc++";
				CLANG_ENABLE_MODULES = YES;
				CLANG_ENABLE_OBJC_ARC = YES;
				CLANG_ENABLE_OBJC_WEAK = YES;
				CLANG_WARN_BLOCK_CAPTURE_AUTORELEASING = YES;
				CLANG_WARN_BOOL_CONVERSION = YES;
				CLANG_WARN_COMMA = YES;
				CLANG_WARN_CONSTANT_CONVERSION = YES;
				CLANG_WARN_DEPRECATED_OBJC_IMPLEMENTATIONS = YES;
				CLANG_WARN_DIRECT_OBJC_ISA_USAGE = YES_ERROR;
				CLANG_WARN_DOCUMENTATION_COMMENTS = YES;
				CLANG_WARN_EMPTY_BODY = YES;
				CLANG_WARN_ENUM_CONVERSION = YES;
				CLANG_WARN_INFINITE_RECURSION = YES;
				CLANG_WARN_INT_CONVERSION = YES;
				CLANG_WARN_NON_LITERAL_NULL_CONVERSION = YES;
				CLANG_WARN_OBJC_IMPLICIT_RETAIN_SELF = YES;
				CLANG_WARN_OBJC_LITERAL_CONVERSION = YES;
				CLANG_WARN_OBJC_ROOT_CLASS = YES_ERROR;
				CLANG_WARN_QUOTED_INCLUDE_IN_FRAMEWORK_HEADER = YES;
				CLANG_WARN_RANGE_LOOP_ANALYSIS = YES;
				CLANG_WARN_STRICT_PROTOTYPES = YES;
				CLANG_WARN_SUSPICIOUS_MOVE = YES;
				CLANG_WARN_UNGUARDED_AVAILABILITY = YES_AGGRESSIVE;
				CLANG_WARN_UNREACHABLE_CODE = YES;
				CLANG_WARN__DUPLICATE_METHOD_MATCH = YES;
				COPY_PHASE_STRIP = NO;
				DEBUG_INFORMATION_FORMAT = "dwarf-with-dsym";
				ENABLE_NS_ASSERTIONS = NO;
				ENABLE_STRICT_OBJC_MSGSEND = YES;
				GCC_C_LANGUAGE_STANDARD = gnu11;
				GCC_NO_COMMON_BLOCKS = YES;
				GCC_WARN_64_TO_32_BIT_CONVERSION = YES;
				GCC_WARN_ABOUT_RETURN_TYPE = YES_ERROR;
				GCC_WARN_UNDECLARED_SELECTOR = YES;
				GCC_WARN_UNINITIALIZED_AUTOS = YES_AGGRESSIVE;
				GCC_WARN_UNUSED_FUNCTION = YES;
				GCC_WARN_UNUSED_VARIABLE = YES;
				IPHONEOS_DEPLOYMENT_TARGET = 14.1;
				MTL_ENABLE_DEBUG_INFO = NO;
				MTL_FAST_MATH = YES;
				SDKROOT = iphoneos;
				SWIFT_COMPILATION_MODE = wholemodule;
				SWIFT_OPTIMIZATION_LEVEL = "-O";
				VALIDATE_PRODUCT = YES;
			};
			name = Release;
		};
		7555FFA6242A565B00829871 /* Debug */ = {
			isa = XCBuildConfiguration;
			buildSettings = {
				ASSETCATALOG_COMPILER_APPICON_NAME = AppIcon;
				CODE_SIGN_STYLE = Automatic;
				DEVELOPMENT_ASSET_PATHS = "\"iosApp/Preview Content\"";
				ENABLE_PREVIEWS = YES;
				FRAMEWORK_SEARCH_PATHS = (
					"$(inherited)",
					"$(SRCROOT)/../shared/build/xcode-frameworks/$(CONFIGURATION)/$(SDK_NAME)",
					"$(SRCROOT)/../shared-resources/build/xcode-frameworks/$(CONFIGURATION)/$(SDK_NAME)",
				);
				INFOPLIST_FILE = iosApp/Info.plist;
				IPHONEOS_DEPLOYMENT_TARGET = 16.0;
				LD_RUNPATH_SEARCH_PATHS = (
					"$(inherited)",
					"@executable_path/Frameworks",
				);
				OTHER_LDFLAGS = (
					"$(inherited)",
					"-framework",
					SharedKit,
				);
				PRODUCT_BUNDLE_IDENTIFIER = orgIdentifier.iosApp;
				PRODUCT_NAME = "$(TARGET_NAME)";
				SUPPORTED_PLATFORMS = "iphoneos iphonesimulator";
				SUPPORTS_MACCATALYST = NO;
				SUPPORTS_MAC_DESIGNED_FOR_IPHONE_IPAD = NO;
				SWIFT_VERSION = 5.0;
				TARGETED_DEVICE_FAMILY = 1;
			};
			name = Debug;
		};
		7555FFA7242A565B00829871 /* Release */ = {
			isa = XCBuildConfiguration;
			buildSettings = {
				ASSETCATALOG_COMPILER_APPICON_NAME = AppIcon;
				CODE_SIGN_STYLE = Automatic;
				DEVELOPMENT_ASSET_PATHS = "\"iosApp/Preview Content\"";
				ENABLE_PREVIEWS = YES;
				FRAMEWORK_SEARCH_PATHS = (
					"$(inherited)",
					"$(SRCROOT)/../shared/build/xcode-frameworks/$(CONFIGURATION)/$(SDK_NAME)",
					"$(SRCROOT)/../shared-resources/build/xcode-frameworks/$(CONFIGURATION)/$(SDK_NAME)",
				);
				INFOPLIST_FILE = iosApp/Info.plist;
				IPHONEOS_DEPLOYMENT_TARGET = 16.0;
				LD_RUNPATH_SEARCH_PATHS = (
					"$(inherited)",
					"@executable_path/Frameworks",
				);
				OTHER_LDFLAGS = (
					"$(inherited)",
					"-framework",
					SharedKit,
				);
				PRODUCT_BUNDLE_IDENTIFIER = orgIdentifier.iosApp;
				PRODUCT_NAME = "$(TARGET_NAME)";
				SUPPORTED_PLATFORMS = "iphoneos iphonesimulator";
				SUPPORTS_MACCATALYST = NO;
				SUPPORTS_MAC_DESIGNED_FOR_IPHONE_IPAD = NO;
				SWIFT_VERSION = 5.0;
				TARGETED_DEVICE_FAMILY = 1;
			};
			name = Release;
		};
/* End XCBuildConfiguration section */

/* Begin XCConfigurationList section */
		7555FF76242A565900829871 /* Build configuration list for PBXProject "iosApp" */ = {
			isa = XCConfigurationList;
			buildConfigurations = (
				7555FFA3242A565B00829871 /* Debug */,
				7555FFA4242A565B00829871 /* Release */,
			);
			defaultConfigurationIsVisible = 0;
			defaultConfigurationName = Release;
		};
		7555FFA5242A565B00829871 /* Build configuration list for PBXNativeTarget "iosApp" */ = {
			isa = XCConfigurationList;
			buildConfigurations = (
				7555FFA6242A565B00829871 /* Debug */,
				7555FFA7242A565B00829871 /* Release */,
			);
			defaultConfigurationIsVisible = 0;
			defaultConfigurationName = Release;
		};
/* End XCConfigurationList section */

/* Begin XCRemoteSwiftPackageReference section */
		FACDAC9329A8CC650031E0A7 /* XCRemoteSwiftPackageReference "KMP-NativeCoroutines" */ = {
			isa = XCRemoteSwiftPackageReference;
			repositoryURL = "https://github.com/rickclephas/KMP-NativeCoroutines.git";
			requirement = {
				kind = exactVersion;
				version = "0.13.1-spm-combine";
			};
		};
		FACDAC9829A8CCA50031E0A7 /* XCRemoteSwiftPackageReference "swiftui-navigation" */ = {
			isa = XCRemoteSwiftPackageReference;
			repositoryURL = "https://github.com/pointfreeco/swiftui-navigation";
			requirement = {
				kind = upToNextMajorVersion;
				minimumVersion = 0.4.2;
			};
		};
/* End XCRemoteSwiftPackageReference section */

/* Begin XCSwiftPackageProductDependency section */
		FACDAC9429A8CC650031E0A7 /* KMPNativeCoroutinesCombine */ = {
			isa = XCSwiftPackageProductDependency;
			package = FACDAC9329A8CC650031E0A7 /* XCRemoteSwiftPackageReference "KMP-NativeCoroutines" */;
			productName = KMPNativeCoroutinesCombine;
		};
		FACDAC9629A8CC650031E0A7 /* KMPNativeCoroutinesCore */ = {
			isa = XCSwiftPackageProductDependency;
			package = FACDAC9329A8CC650031E0A7 /* XCRemoteSwiftPackageReference "KMP-NativeCoroutines" */;
			productName = KMPNativeCoroutinesCore;
		};
		FACDAC9929A8CCA50031E0A7 /* SwiftUINavigation */ = {
			isa = XCSwiftPackageProductDependency;
			package = FACDAC9829A8CCA50031E0A7 /* XCRemoteSwiftPackageReference "swiftui-navigation" */;
			productName = SwiftUINavigation;
		};
		FACDAC9B29A8CCA50031E0A7 /* _SwiftUINavigationState */ = {
			isa = XCSwiftPackageProductDependency;
			package = FACDAC9829A8CCA50031E0A7 /* XCRemoteSwiftPackageReference "swiftui-navigation" */;
			productName = _SwiftUINavigationState;
		};
/* End XCSwiftPackageProductDependency section */
	};
	rootObject = 7555FF73242A565900829871 /* Project object */;
}
